
Microsoft Visual Studio Solution File, Format Version 12.00
# Visual Studio Version 16
VisualStudioVersion = 16.0.31624.102
MinimumVisualStudioVersion = 10.0.40219.1
Project("{FAE04EC0-301F-11D3-BF4B-00C04F79EFBC}") = "ProxyGRB", "ProxyGRB\ProxyGRB.csproj", "{ECCEF8B3-99E4-4323-B715-E2F713EDB1F0}"
EndProject
Global
	GlobalSection(SolutionConfigurationPlatforms) = preSolution
		Debug|Any CPU = Debug|Any CPU
		Release|Any CPU = Release|Any CPU
	EndGlobalSection
	GlobalSection(ProjectConfigurationPlatforms) = postSolution
		{ECCEF8B3-99E4-4323-B715-E2F713EDB1F0}.Debug|Any CPU.ActiveCfg = Debug|Any CPU
		{ECCEF8B3-99E4-4323-B715-E2F713EDB1F0}.Debug|Any CPU.Build.0 = Debug|Any CPU
		{ECCEF8B3-99E4-4323-B715-E2F713EDB1F0}.Release|Any CPU.ActiveCfg = Release|Any CPU
		{ECCEF8B3-99E4-4323-B715-E2F713EDB1F0}.Release|Any CPU.Build.0 = Release|Any CPU
	EndGlobalSection
	GlobalSection(SolutionProperties) = preSolution
		HideSolutionNode = FALSE
	EndGlobalSection
	GlobalSection(ExtensibilityGlobals) = postSolution
		SolutionGuid = {99689247-F457-403A-B621-C8C88FF53C0A}
	EndGlobalSection
EndGlobal
